{
  "name": "narrative-execution-fabric",
  "version": "1.0.0",
  "lockfileVersion": 3,
  "requires": true,
  "packages": {
    "": {
      "name": "narrative-execution-fabric",
      "version": "1.0.0",
      "license": "ISC",
      "dependencies": {
        "@bpmsoftwaresolutions/sej-resolver-node": "^0.1.5"
      }
    },
    "node_modules/@bpmsoftwaresolutions/sej-resolver-node": {
      "version": "0.1.5",
      "resolved": "https://registry.npmjs.org/@bpmsoftwaresolutions/sej-resolver-node/-/sej-resolver-node-0.1.5.tgz",
      "integrity": "sha512-rZvYyiCQc4qNuBmAcUeyn1dZ3Mrv+/RVhLj882ornFChn7TKvLSwtWNYq5RIOQioI02/nm2MjVx8U1UcLefG5w==",
      "bin": {
        "sej-resolver": "src/cli.cjs"
      }
    }
  }
}
