{
  "name": "narrative-execution-fabric",
  "version": "1.0.0",
  "lockfileVersion": 3,
  "requires": true,
  "packages": {
    "": {
      "name": "narrative-execution-fabric",
      "version": "1.0.0",
      "license": "ISC",
      "dependencies": {
        "@bpmsoftwaresolutions/sej-resolver-node": "file:evidence/release/artifacts/bpmsoftwaresolutions-sej-resolver-node-0.1.11.tgz"
      },
      "bin": {
        "ndd": "generated/cli/node/ndd.cjs"
      }
    },
    "node_modules/@bpmsoftwaresolutions/sej-resolver-node": {
      "version": "0.1.11",
      "resolved": "file:evidence/release/artifacts/bpmsoftwaresolutions-sej-resolver-node-0.1.11.tgz",
      "integrity": "sha512-vMhoQIzhYRLVrqRPi5P7dD0cUSw1Emr++f5JQ1akcPNz/0LrViYRqrpBVMPxDeN5oWP3kASmQdNQUKSXG/oIvA==",
      "bin": {
        "sej-resolver": "src/cli.cjs"
      }
    }
  }
}
