{
  "name": "narrative-execution-fabric",
  "version": "1.0.0",
  "lockfileVersion": 3,
  "requires": true,
  "packages": {
    "": {
      "name": "narrative-execution-fabric",
      "version": "1.0.0",
      "license": "ISC",
      "dependencies": {
        "@bpmsoftwaresolutions/sej-resolver-node": "0.1.9"
      },
      "bin": {
        "ndd": "generated/cli/node/ndd.cjs"
      }
    },
    "node_modules/@bpmsoftwaresolutions/sej-resolver-node": {
      "version": "0.1.9",
      "resolved": "https://registry.npmjs.org/@bpmsoftwaresolutions/sej-resolver-node/-/sej-resolver-node-0.1.9.tgz",
      "integrity": "sha512-eYQhiy7pEyKATsxx8U2PMrKXnXkPEr1lbD92EtWlYJTf/MsXTDiPIQO4cYN/I45lVeh75XvPxdzKZgXAsA1fMg==",
      "bin": {
        "sej-resolver": "src/cli.cjs"
      }
    }
  }
}
